
Microsoft Visual Studio Solution File, Format Version 12.00
# Visual Studio Version 16
VisualStudioVersion = 16.0.31624.102
MinimumVisualStudioVersion = 10.0.40219.1
Project("{9A19103F-16F7-4668-BE54-9A1E7A4F7556}") = "SimpleCodingChallenge.API", "SimpleCodingChallenge.API\SimpleCodingChallenge.API.csproj", "{8A75ABBE-1818-49E9-895B-E34DEB398713}"
EndProject
Project("{9A19103F-16F7-4668-BE54-9A1E7A4F7556}") = "SimpleCodingChallenge.Business", "SimpleCodingChallenge.Business\SimpleCodingChallenge.Business.csproj", "{3830CA03-FE11-4EAC-9D99-BAF68C157DF2}"
EndProject
Project("{FAE04EC0-301F-11D3-BF4B-00C04F79EFBC}") = "SimpleCodingChallenge.DataAccess", "SimpleCodingChallenge.DataAccess\SimpleCodingChallenge.DataAccess.csproj", "{3E2F425B-A8E0-4259-AFA7-C182ACEAC455}"
EndProject
Project("{FAE04EC0-301F-11D3-BF4B-00C04F79EFBC}") = "SimpleCodingChallenge.Common", "SimpleCodingChallenge.Common\SimpleCodingChallenge.Common.csproj", "{4D89A6E6-2FD5-41CC-BF4F-6315F5CF9DF2}"
EndProject
Global
	GlobalSection(SolutionConfigurationPlatforms) = preSolution
		Debug|Any CPU = Debug|Any CPU
		Release|Any CPU = Release|Any CPU
	EndGlobalSection
	GlobalSection(ProjectConfigurationPlatforms) = postSolution
		{8A75ABBE-1818-49E9-895B-E34DEB398713}.Debug|Any CPU.ActiveCfg = Debug|Any CPU
		{8A75ABBE-1818-49E9-895B-E34DEB398713}.Debug|Any CPU.Build.0 = Debug|Any CPU
		{8A75ABBE-1818-49E9-895B-E34DEB398713}.Release|Any CPU.ActiveCfg = Release|Any CPU
		{8A75ABBE-1818-49E9-895B-E34DEB398713}.Release|Any CPU.Build.0 = Release|Any CPU
		{3830CA03-FE11-4EAC-9D99-BAF68C157DF2}.Debug|Any CPU.ActiveCfg = Debug|Any CPU
		{3830CA03-FE11-4EAC-9D99-BAF68C157DF2}.Debug|Any CPU.Build.0 = Debug|Any CPU
		{3830CA03-FE11-4EAC-9D99-BAF68C157DF2}.Release|Any CPU.ActiveCfg = Release|Any CPU
		{3830CA03-FE11-4EAC-9D99-BAF68C157DF2}.Release|Any CPU.Build.0 = Release|Any CPU
		{3E2F425B-A8E0-4259-AFA7-C182ACEAC455}.Debug|Any CPU.ActiveCfg = Debug|Any CPU
		{3E2F425B-A8E0-4259-AFA7-C182ACEAC455}.Debug|Any CPU.Build.0 = Debug|Any CPU
		{3E2F425B-A8E0-4259-AFA7-C182ACEAC455}.Release|Any CPU.ActiveCfg = Release|Any CPU
		{3E2F425B-A8E0-4259-AFA7-C182ACEAC455}.Release|Any CPU.Build.0 = Release|Any CPU
		{4D89A6E6-2FD5-41CC-BF4F-6315F5CF9DF2}.Debug|Any CPU.ActiveCfg = Debug|Any CPU
		{4D89A6E6-2FD5-41CC-BF4F-6315F5CF9DF2}.Debug|Any CPU.Build.0 = Debug|Any CPU
		{4D89A6E6-2FD5-41CC-BF4F-6315F5CF9DF2}.Release|Any CPU.ActiveCfg = Release|Any CPU
		{4D89A6E6-2FD5-41CC-BF4F-6315F5CF9DF2}.Release|Any CPU.Build.0 = Release|Any CPU
	EndGlobalSection
	GlobalSection(SolutionProperties) = preSolution
		HideSolutionNode = FALSE
	EndGlobalSection
	GlobalSection(ExtensibilityGlobals) = postSolution
		SolutionGuid = {104448B5-EEC6-419C-B4D6-C46439188DF5}
	EndGlobalSection
EndGlobal
